
Microsoft Visual Studio Solution File, Format Version 12.00
# Visual Studio Version 17
VisualStudioVersion = 17.13.35931.197 d17.13
MinimumVisualStudioVersion = 10.0.40219.1
Project("{FAE04EC0-301F-11D3-BF4B-00C04F79EFBC}") = "NetcupDnsUpdater", "NetcupDnsUpdater\NetcupDnsUpdater.csproj", "{F5CB3924-C189-4B12-8595-44F67273913F}"
EndProject
Global
	GlobalSection(SolutionConfigurationPlatforms) = preSolution
		Debug|Any CPU = Debug|Any CPU
		Release|Any CPU = Release|Any CPU
	EndGlobalSection
	GlobalSection(ProjectConfigurationPlatforms) = postSolution
		{F5CB3924-C189-4B12-8595-44F67273913F}.Debug|Any CPU.ActiveCfg = Debug|Any CPU
		{F5CB3924-C189-4B12-8595-44F67273913F}.Debug|Any CPU.Build.0 = Debug|Any CPU
		{F5CB3924-C189-4B12-8595-44F67273913F}.Release|Any CPU.ActiveCfg = Release|Any CPU
		{F5CB3924-C189-4B12-8595-44F67273913F}.Release|Any CPU.Build.0 = Release|Any CPU
	EndGlobalSection
	GlobalSection(SolutionProperties) = preSolution
		HideSolutionNode = FALSE
	EndGlobalSection
	GlobalSection(ExtensibilityGlobals) = postSolution
		SolutionGuid = {2FB8F398-C837-4F62-82E3-EF838281A2B0}
	EndGlobalSection
EndGlobal
